
Microsoft Visual Studio Solution File, Format Version 12.00
# Visual Studio 14
VisualStudioVersion = 14.0.23107.0
MinimumVisualStudioVersion = 10.0.40219.1
Project("{FAE04EC0-301F-11D3-BF4B-00C04F79EFBC}") = "SpellingCorrector", "src\SpellingCorrector\SpellingCorrector.csproj", "{E4E99317-ACA2-4AE0-820A-180CB88CA7FF}"
EndProject
Project("{FAE04EC0-301F-11D3-BF4B-00C04F79EFBC}") = "SpellingCorrector.Tests", "src\SpellingCorrector.Tests\SpellingCorrector.Tests.csproj", "{ABDCF459-6CEE-495C-A953-22C3D8548359}"
EndProject
Global
	GlobalSection(SolutionConfigurationPlatforms) = preSolution
		Debug|Any CPU = Debug|Any CPU
		Release|Any CPU = Release|Any CPU
	EndGlobalSection
	GlobalSection(ProjectConfigurationPlatforms) = postSolution
		{E4E99317-ACA2-4AE0-820A-180CB88CA7FF}.Debug|Any CPU.ActiveCfg = Debug|Any CPU
		{E4E99317-ACA2-4AE0-820A-180CB88CA7FF}.Debug|Any CPU.Build.0 = Debug|Any CPU
		{E4E99317-ACA2-4AE0-820A-180CB88CA7FF}.Release|Any CPU.ActiveCfg = Release|Any CPU
		{E4E99317-ACA2-4AE0-820A-180CB88CA7FF}.Release|Any CPU.Build.0 = Release|Any CPU
		{ABDCF459-6CEE-495C-A953-22C3D8548359}.Debug|Any CPU.ActiveCfg = Debug|Any CPU
		{ABDCF459-6CEE-495C-A953-22C3D8548359}.Debug|Any CPU.Build.0 = Debug|Any CPU
		{ABDCF459-6CEE-495C-A953-22C3D8548359}.Release|Any CPU.ActiveCfg = Release|Any CPU
		{ABDCF459-6CEE-495C-A953-22C3D8548359}.Release|Any CPU.Build.0 = Release|Any CPU
	EndGlobalSection
	GlobalSection(SolutionProperties) = preSolution
		HideSolutionNode = FALSE
	EndGlobalSection
EndGlobal
